
Microsoft Visual Studio Solution File, Format Version 12.00
# Visual Studio 15
VisualStudioVersion = 15.0.26730.12
MinimumVisualStudioVersion = 10.0.40219.1
Project("{FAE04EC0-301F-11D3-BF4B-00C04F79EFBC}") = "Battleship", "Battleship\Battleship.csproj", "{440C0F13-A90C-4C11-A27D-A439A9E51A31}"
EndProject
Global
	GlobalSection(SolutionConfigurationPlatforms) = preSolution
		Debug|Any CPU = Debug|Any CPU
		Release|Any CPU = Release|Any CPU
	EndGlobalSection
	GlobalSection(ProjectConfigurationPlatforms) = postSolution
		{440C0F13-A90C-4C11-A27D-A439A9E51A31}.Debug|Any CPU.ActiveCfg = Debug|Any CPU
		{440C0F13-A90C-4C11-A27D-A439A9E51A31}.Debug|Any CPU.Build.0 = Debug|Any CPU
		{440C0F13-A90C-4C11-A27D-A439A9E51A31}.Release|Any CPU.ActiveCfg = Release|Any CPU
		{440C0F13-A90C-4C11-A27D-A439A9E51A31}.Release|Any CPU.Build.0 = Release|Any CPU
	EndGlobalSection
	GlobalSection(SolutionProperties) = preSolution
		HideSolutionNode = FALSE
	EndGlobalSection
	GlobalSection(ExtensibilityGlobals) = postSolution
		SolutionGuid = {71120F17-6F8B-41AF-99A7-EB46385312CC}
	EndGlobalSection
EndGlobal
